
Microsoft Visual Studio Solution File, Format Version 12.00
# Visual Studio Version 16
VisualStudioVersion = 16.0.31702.278
MinimumVisualStudioVersion = 10.0.40219.1
Project("{FAE04EC0-301F-11D3-BF4B-00C04F79EFBC}") = "PharmacyStorage", "PharmacyStorage.csproj", "{3DADF0D6-86FF-4ED8-9204-0D1AC153089D}"
EndProject
Global
	GlobalSection(SolutionConfigurationPlatforms) = preSolution
		Debug|Any CPU = Debug|Any CPU
		Release|Any CPU = Release|Any CPU
	EndGlobalSection
	GlobalSection(ProjectConfigurationPlatforms) = postSolution
		{3DADF0D6-86FF-4ED8-9204-0D1AC153089D}.Debug|Any CPU.ActiveCfg = Debug|Any CPU
		{3DADF0D6-86FF-4ED8-9204-0D1AC153089D}.Debug|Any CPU.Build.0 = Debug|Any CPU
		{3DADF0D6-86FF-4ED8-9204-0D1AC153089D}.Release|Any CPU.ActiveCfg = Release|Any CPU
		{3DADF0D6-86FF-4ED8-9204-0D1AC153089D}.Release|Any CPU.Build.0 = Release|Any CPU
	EndGlobalSection
	GlobalSection(SolutionProperties) = preSolution
		HideSolutionNode = FALSE
	EndGlobalSection
	GlobalSection(ExtensibilityGlobals) = postSolution
		SolutionGuid = {CBB2EDC7-6160-4B67-A78F-C8FF540B5275}
	EndGlobalSection
EndGlobal
